# This file is autogenerated, do not edit; changes may be undone by the next 'dep ensure'.


[[projects]]
  branch = "master"
  name = "github.com/google/go-querystring"
  packages = ["query"]
  revision = "53e6ce116135b80d037921a7fdd5138cf32d7a8a"

[solve-meta]
  analyzer-name = "dep"
  analyzer-version = 1
  inputs-digest = "76bbf95770a3088afdf90b21c79f268a0c650ee829f40d29fef6d5cda71ad535"
  solver-name = "gps-cdcl"
  solver-version = 1
